
Microsoft Visual Studio Solution File, Format Version 12.00
# Visual Studio Version 17
VisualStudioVersion = 17.7.34031.279
MinimumVisualStudioVersion = 10.0.40219.1
Project("{FAE04EC0-301F-11D3-BF4B-00C04F79EFBC}") = "213001_snip3", "213001_snip3.csproj", "{2CB41858-901F-4AE9-BB0B-7E86988D3308}"
EndProject
Global
	GlobalSection(SolutionConfigurationPlatforms) = preSolution
		Debug|Any CPU = Debug|Any CPU
		Release|Any CPU = Release|Any CPU
	EndGlobalSection
	GlobalSection(ProjectConfigurationPlatforms) = postSolution
		{2CB41858-901F-4AE9-BB0B-7E86988D3308}.Debug|Any CPU.ActiveCfg = Debug|Any CPU
		{2CB41858-901F-4AE9-BB0B-7E86988D3308}.Debug|Any CPU.Build.0 = Debug|Any CPU
		{2CB41858-901F-4AE9-BB0B-7E86988D3308}.Release|Any CPU.ActiveCfg = Release|Any CPU
		{2CB41858-901F-4AE9-BB0B-7E86988D3308}.Release|Any CPU.Build.0 = Release|Any CPU
	EndGlobalSection
	GlobalSection(SolutionProperties) = preSolution
		HideSolutionNode = FALSE
	EndGlobalSection
	GlobalSection(ExtensibilityGlobals) = postSolution
		SolutionGuid = {D4D77B7C-B301-41A9-A22C-5F734DBC0FE1}
	EndGlobalSection
EndGlobal
