
Microsoft Visual Studio Solution File, Format Version 12.00
# Visual Studio Version 17
VisualStudioVersion = 17.7.34031.279
MinimumVisualStudioVersion = 10.0.40219.1
Project("{FAE04EC0-301F-11D3-BF4B-00C04F79EFBC}") = "213001_snip7", "213001_snip7.csproj", "{D961987E-E86A-4A81-B70C-8D7E8EFB60EB}"
EndProject
Global
	GlobalSection(SolutionConfigurationPlatforms) = preSolution
		Debug|Any CPU = Debug|Any CPU
		Release|Any CPU = Release|Any CPU
	EndGlobalSection
	GlobalSection(ProjectConfigurationPlatforms) = postSolution
		{D961987E-E86A-4A81-B70C-8D7E8EFB60EB}.Debug|Any CPU.ActiveCfg = Debug|Any CPU
		{D961987E-E86A-4A81-B70C-8D7E8EFB60EB}.Debug|Any CPU.Build.0 = Debug|Any CPU
		{D961987E-E86A-4A81-B70C-8D7E8EFB60EB}.Release|Any CPU.ActiveCfg = Release|Any CPU
		{D961987E-E86A-4A81-B70C-8D7E8EFB60EB}.Release|Any CPU.Build.0 = Release|Any CPU
	EndGlobalSection
	GlobalSection(SolutionProperties) = preSolution
		HideSolutionNode = FALSE
	EndGlobalSection
	GlobalSection(ExtensibilityGlobals) = postSolution
		SolutionGuid = {A09CCFF3-E01D-445E-AFCF-027D0F55C279}
	EndGlobalSection
EndGlobal
