
Microsoft Visual Studio Solution File, Format Version 12.00
# Visual Studio Version 17
VisualStudioVersion = 17.7.34031.279
MinimumVisualStudioVersion = 10.0.40219.1
Project("{FAE04EC0-301F-11D3-BF4B-00C04F79EFBC}") = "213001_snip1", "213001_snip1.csproj", "{5E81AF21-8761-4C90-9CF3-CE86F5AF617E}"
EndProject
Global
	GlobalSection(SolutionConfigurationPlatforms) = preSolution
		Debug|Any CPU = Debug|Any CPU
		Release|Any CPU = Release|Any CPU
	EndGlobalSection
	GlobalSection(ProjectConfigurationPlatforms) = postSolution
		{5E81AF21-8761-4C90-9CF3-CE86F5AF617E}.Debug|Any CPU.ActiveCfg = Debug|Any CPU
		{5E81AF21-8761-4C90-9CF3-CE86F5AF617E}.Debug|Any CPU.Build.0 = Debug|Any CPU
		{5E81AF21-8761-4C90-9CF3-CE86F5AF617E}.Release|Any CPU.ActiveCfg = Release|Any CPU
		{5E81AF21-8761-4C90-9CF3-CE86F5AF617E}.Release|Any CPU.Build.0 = Release|Any CPU
	EndGlobalSection
	GlobalSection(SolutionProperties) = preSolution
		HideSolutionNode = FALSE
	EndGlobalSection
	GlobalSection(ExtensibilityGlobals) = postSolution
		SolutionGuid = {B79D281B-19CB-4F25-8E60-BBA309C86292}
	EndGlobalSection
EndGlobal
